hash: e7e387e385240ea7d48e6de6a0c58fe523bfefa1d7895a2c25c100feb978774d
updated: 2018-05-14T17:44:41.444919-04:00
imports:
- name: golang.org/x/net
  version: 1c05540f6879653db88113bc4a2b70aec4bd491f
  subpackages:
  - context
- name: gopkg.in/tomb.v2
  version: d5d1b5820637886def9eef33e03a27a9f166942c
testImports: []
