version: 5
environments:
  default:
    channels:
    - url: https://conda.anaconda.org/conda-forge/
    packages:
      linux-64:
      - conda: https://conda.anaconda.org/conda-forge/linux-64/_libgcc_mutex-0.1-conda_forge.tar.bz2
      - conda: https://conda.anaconda.org/conda-forge/linux-64/_openmp_mutex-4.5-2_gnu.tar.bz2
      - conda: https://conda.anaconda.org/conda-forge/linux-64/bzip2-1.0.8-h4bc722e_7.conda
      - conda: https://conda.anaconda.org/conda-forge/linux-64/ca-certificates-2024.8.30-hbcca054_0.conda
      - conda: https://conda.anaconda.org/conda-forge/linux-64/ld_impl_linux-64-2.43-h712a8e2_2.conda
      - conda: https://conda.anaconda.org/conda-forge/linux-64/libblas-3.9.0-25_linux64_openblas.conda
      - conda: https://conda.anaconda.org/conda-forge/linux-64/libcblas-3.9.0-25_linux64_openblas.conda
      - conda: https://conda.anaconda.org/conda-forge/linux-64/libexpat-2.6.3-h5888daf_0.conda
      - conda: https://conda.anaconda.org/conda-forge/linux-64/libffi-3.4.2-h7f98852_5.tar.bz2
      - conda: https://conda.anaconda.org/conda-forge/linux-64/libgcc-14.2.0-h77fa898_1.conda
      - conda: https://conda.anaconda.org/conda-forge/linux-64/libgcc-ng-14.2.0-h69a702a_1.conda
      - conda: https://conda.anaconda.org/conda-forge/linux-64/libgfortran-14.2.0-h69a702a_1.conda
      - conda: https://conda.anaconda.org/conda-forge/linux-64/libgfortran-ng-14.2.0-h69a702a_1.conda
      - conda: https://conda.anaconda.org/conda-forge/linux-64/libgfortran5-14.2.0-hd5240d6_1.conda
      - conda: https://conda.anaconda.org/conda-forge/linux-64/libgomp-14.2.0-h77fa898_1.conda
      - conda: https://conda.anaconda.org/conda-forge/linux-64/liblapack-3.9.0-25_linux64_openblas.conda
      - conda: https://conda.anaconda.org/conda-forge/linux-64/libmpdec-4.0.0-h4bc722e_0.conda
      - conda: https://conda.anaconda.org/conda-forge/linux-64/libopenblas-0.3.28-pthreads_h94d23a6_0.conda
      - conda: https://conda.anaconda.org/conda-forge/linux-64/libsqlite-3.47.0-hadc24fc_0.conda
      - conda: https://conda.anaconda.org/conda-forge/linux-64/libstdcxx-14.2.0-hc0a3c3a_1.conda
      - conda: https://conda.anaconda.org/conda-forge/linux-64/libuuid-2.38.1-h0b41bf4_0.conda
      - conda: https://conda.anaconda.org/conda-forge/linux-64/libzlib-1.3.1-hb9d3cd8_2.conda
      - conda: https://conda.anaconda.org/conda-forge/linux-64/ncurses-6.5-he02047a_1.conda
      - conda: https://conda.anaconda.org/conda-forge/linux-64/numpy-2.1.2-py313h4bf6692_0.conda
      - conda: https://conda.anaconda.org/conda-forge/linux-64/openssl-3.3.2-hb9d3cd8_0.conda
      - conda: https://conda.anaconda.org/conda-forge/linux-64/python-3.13.0-h9ebbce0_100_cp313.conda
      - conda: https://conda.anaconda.org/conda-forge/linux-64/python_abi-3.13-5_cp313.conda
      - conda: https://conda.anaconda.org/conda-forge/linux-64/readline-8.2-h8228510_1.conda
      - conda: https://conda.anaconda.org/conda-forge/linux-64/tk-8.6.13-noxft_h4845f30_101.conda
      - conda: https://conda.anaconda.org/conda-forge/noarch/tzdata-2024b-hc8b5060_0.conda
      - conda: https://conda.anaconda.org/conda-forge/linux-64/xz-5.2.6-h166bdaf_0.tar.bz2
      osx-64:
      - conda: https://conda.anaconda.org/conda-forge/osx-64/bzip2-1.0.8-hfdf4475_7.conda
      - conda: https://conda.anaconda.org/conda-forge/osx-64/ca-certificates-2024.8.30-h8857fd0_0.conda
      - conda: https://conda.anaconda.org/conda-forge/osx-64/libblas-3.9.0-25_osx64_openblas.conda
      - conda: https://conda.anaconda.org/conda-forge/osx-64/libcblas-3.9.0-25_osx64_openblas.conda
      - conda: https://conda.anaconda.org/conda-forge/osx-64/libcxx-19.1.2-hf95d169_0.conda
      - conda: https://conda.anaconda.org/conda-forge/osx-64/libexpat-2.6.3-hac325c4_0.conda
      - conda: https://conda.anaconda.org/conda-forge/osx-64/libffi-3.4.2-h0d85af4_5.tar.bz2
      - conda: https://conda.anaconda.org/conda-forge/osx-64/libgfortran-5.0.0-13_2_0_h97931a8_3.conda
      - conda: https://conda.anaconda.org/conda-forge/osx-64/libgfortran5-13.2.0-h2873a65_3.conda
      - conda: https://conda.anaconda.org/conda-forge/osx-64/liblapack-3.9.0-25_osx64_openblas.conda
      - conda: https://conda.anaconda.org/conda-forge/osx-64/libmpdec-4.0.0-hfdf4475_0.conda
      - conda: https://conda.anaconda.org/conda-forge/osx-64/libopenblas-0.3.28-openmp_h8869122_0.conda
      - conda: https://conda.anaconda.org/conda-forge/osx-64/libsqlite-3.47.0-h2f8c449_0.conda
      - conda: https://conda.anaconda.org/conda-forge/osx-64/libzlib-1.3.1-hd23fc13_2.conda
      - conda: https://conda.anaconda.org/conda-forge/osx-64/llvm-openmp-19.1.2-hf78d878_0.conda
      - conda: https://conda.anaconda.org/conda-forge/osx-64/ncurses-6.5-hf036a51_1.conda
      - conda: https://conda.anaconda.org/conda-forge/osx-64/numpy-2.1.2-py313hd1f2bdd_0.conda
      - conda: https://conda.anaconda.org/conda-forge/osx-64/openssl-3.3.2-hd23fc13_0.conda
      - conda: https://conda.anaconda.org/conda-forge/osx-64/python-3.13.0-h0608dab_100_cp313.conda
      - conda: https://conda.anaconda.org/conda-forge/osx-64/python_abi-3.13-5_cp313.conda
      - conda: https://conda.anaconda.org/conda-forge/osx-64/readline-8.2-h9e318b2_1.conda
      - conda: https://conda.anaconda.org/conda-forge/osx-64/tk-8.6.13-h1abcd95_1.conda
      - conda: https://conda.anaconda.org/conda-forge/noarch/tzdata-2024b-hc8b5060_0.conda
      - conda: https://conda.anaconda.org/conda-forge/osx-64/xz-5.2.6-h775f41a_0.tar.bz2
      win-64:
      - conda: https://conda.anaconda.org/conda-forge/win-64/bzip2-1.0.8-h2466b09_7.conda
      - conda: https://conda.anaconda.org/conda-forge/win-64/ca-certificates-2024.8.30-h56e8100_0.conda
      - conda: https://conda.anaconda.org/conda-forge/win-64/intel-openmp-2024.2.1-h57928b3_1083.conda
      - conda: https://conda.anaconda.org/conda-forge/win-64/libblas-3.9.0-25_win64_mkl.conda
      - conda: https://conda.anaconda.org/conda-forge/win-64/libcblas-3.9.0-25_win64_mkl.conda
      - conda: https://conda.anaconda.org/conda-forge/win-64/libexpat-2.6.3-he0c23c2_0.conda
      - conda: https://conda.anaconda.org/conda-forge/win-64/libffi-3.4.2-h8ffe710_5.tar.bz2
      - conda: https://conda.anaconda.org/conda-forge/win-64/libhwloc-2.11.1-default_h8125262_1000.conda
      - conda: https://conda.anaconda.org/conda-forge/win-64/libiconv-1.17-hcfcfb64_2.conda
      - conda: https://conda.anaconda.org/conda-forge/win-64/liblapack-3.9.0-25_win64_mkl.conda
      - conda: https://conda.anaconda.org/conda-forge/win-64/libmpdec-4.0.0-h2466b09_0.conda
      - conda: https://conda.anaconda.org/conda-forge/win-64/libsqlite-3.47.0-h2466b09_0.conda
      - conda: https://conda.anaconda.org/conda-forge/win-64/libxml2-2.12.7-h0f24e4e_4.conda
      - conda: https://conda.anaconda.org/conda-forge/win-64/libzlib-1.3.1-h2466b09_2.conda
      - conda: https://conda.anaconda.org/conda-forge/win-64/mkl-2024.2.2-h66d3029_14.conda
      - conda: https://conda.anaconda.org/conda-forge/win-64/numpy-2.1.2-py313hd65a2fa_0.conda
      - conda: https://conda.anaconda.org/conda-forge/win-64/openssl-3.3.2-h2466b09_0.conda
      - conda: https://conda.anaconda.org/conda-forge/win-64/pthreads-win32-2.9.1-h2466b09_4.conda
      - conda: https://conda.anaconda.org/conda-forge/win-64/python-3.13.0-hf5aa216_100_cp313.conda
      - conda: https://conda.anaconda.org/conda-forge/win-64/python_abi-3.13-5_cp313.conda
      - conda: https://conda.anaconda.org/conda-forge/win-64/tbb-2021.13.0-hc790b64_0.conda
      - conda: https://conda.anaconda.org/conda-forge/win-64/tk-8.6.13-h5226925_1.conda
      - conda: https://conda.anaconda.org/conda-forge/noarch/tzdata-2024b-hc8b5060_0.conda
      - conda: https://conda.anaconda.org/conda-forge/win-64/ucrt-10.0.22621.0-h57928b3_1.conda
      - conda: https://conda.anaconda.org/conda-forge/win-64/vc-14.3-ha32ba9b_22.conda
      - conda: https://conda.anaconda.org/conda-forge/win-64/vc14_runtime-14.40.33810-hcc2c482_22.conda
      - conda: https://conda.anaconda.org/conda-forge/win-64/vs2015_runtime-14.40.33810-h3bf8584_22.conda
      - conda: https://conda.anaconda.org/conda-forge/win-64/xz-5.2.6-h8d14728_0.tar.bz2
packages:
- kind: conda
  name: _libgcc_mutex
  version: '0.1'
  build: conda_forge
  subdir: linux-64
  url: https://conda.anaconda.org/conda-forge/linux-64/_libgcc_mutex-0.1-conda_forge.tar.bz2
  sha256: fe51de6107f9edc7aa4f786a70f4a883943bc9d39b3bb7307c04c41410990726
  md5: d7c89558ba9fa0495403155b64376d81
  license: None
  size: 2562
  timestamp: 1578324546067
- kind: conda
  name: _openmp_mutex
  version: '4.5'
  build: 2_gnu
  build_number: 16
  subdir: linux-64
  url: https://conda.anaconda.org/conda-forge/linux-64/_openmp_mutex-4.5-2_gnu.tar.bz2
  sha256: fbe2c5e56a653bebb982eda4876a9178aedfc2b545f25d0ce9c4c0b508253d22
  md5: 73aaf86a425cc6e73fcf236a5a46396d
  depends:
  - _libgcc_mutex 0.1 conda_forge
  - libgomp >=7.5.0
  constrains:
  - openmp_impl 9999
  license: BSD-3-Clause
  license_family: BSD
  size: 23621
  timestamp: 1650670423406
- kind: conda
  name: bzip2
  version: 1.0.8
  build: h2466b09_7
  build_number: 7
  subdir: win-64
  url: https://conda.anaconda.org/conda-forge/win-64/bzip2-1.0.8-h2466b09_7.conda
  sha256: 35a5dad92e88fdd7fc405e864ec239486f4f31eec229e31686e61a140a8e573b
  md5: 276e7ffe9ffe39688abc665ef0f45596
  depends:
  - ucrt >=10.0.20348.0
  - vc >=14.2,<15
  - vc14_runtime >=14.29.30139
  license: bzip2-1.0.6
  license_family: BSD
  size: 54927
  timestamp: 1720974860185
- kind: conda
  name: bzip2
  version: 1.0.8
  build: h4bc722e_7
  build_number: 7
  subdir: linux-64
  url: https://conda.anaconda.org/conda-forge/linux-64/bzip2-1.0.8-h4bc722e_7.conda
  sha256: 5ced96500d945fb286c9c838e54fa759aa04a7129c59800f0846b4335cee770d
  md5: 62ee74e96c5ebb0af99386de58cf9553
  depends:
  - __glibc >=2.17,<3.0.a0
  - libgcc-ng >=12
  license: bzip2-1.0.6
  license_family: BSD
  size: 252783
  timestamp: 1720974456583
- kind: conda
  name: bzip2
  version: 1.0.8
  build: hfdf4475_7
  build_number: 7
  subdir: osx-64
  url: https://conda.anaconda.org/conda-forge/osx-64/bzip2-1.0.8-hfdf4475_7.conda
  sha256: cad153608b81fb24fc8c509357daa9ae4e49dfc535b2cb49b91e23dbd68fc3c5
  md5: 7ed4301d437b59045be7e051a0308211
  depends:
  - __osx >=10.13
  license: bzip2-1.0.6
  license_family: BSD
  size: 134188
  timestamp: 1720974491916
- kind: conda
  name: ca-certificates
  version: 2024.8.30
  build: h56e8100_0
  subdir: win-64
  url: https://conda.anaconda.org/conda-forge/win-64/ca-certificates-2024.8.30-h56e8100_0.conda
  sha256: 0fcac3a7ffcc556649e034a1802aedf795e64227eaa7194d207b01eaf26454c4
  md5: 4c4fd67c18619be5aa65dc5b6c72e490
  license: ISC
  size: 158773
  timestamp: 1725019107649
- kind: conda
  name: ca-certificates
  version: 2024.8.30
  build: h8857fd0_0
  subdir: osx-64
  url: https://conda.anaconda.org/conda-forge/osx-64/ca-certificates-2024.8.30-h8857fd0_0.conda
  sha256: 593f302d0f44c2c771e1614ee6d56fffdc7d616e6f187669c8b0e34ffce3e1ae
  md5: b7e5424e7f06547a903d28e4651dbb21
  license: ISC
  size: 158665
  timestamp: 1725019059295
- kind: conda
  name: ca-certificates
  version: 2024.8.30
  build: hbcca054_0
  subdir: linux-64
  url: https://conda.anaconda.org/conda-forge/linux-64/ca-certificates-2024.8.30-hbcca054_0.conda
  sha256: afee721baa6d988e27fef1832f68d6f32ac8cc99cdf6015732224c2841a09cea
  md5: c27d1c142233b5bc9ca570c6e2e0c244
  license: ISC
  size: 159003
  timestamp: 1725018903918
- kind: conda
  name: intel-openmp
  version: 2024.2.1
  build: h57928b3_1083
  build_number: 1083
  subdir: win-64
  url: https://conda.anaconda.org/conda-forge/win-64/intel-openmp-2024.2.1-h57928b3_1083.conda
  sha256: 0fd2b0b84c854029041b0ede8f4c2369242ee92acc0092f8407b1fe9238a8209
  md5: 2d89243bfb53652c182a7c73182cce4f
  license: LicenseRef-IntelSimplifiedSoftwareOct2022
  license_family: Proprietary
  size: 1852356
  timestamp: 1723739573141
- kind: conda
  name: ld_impl_linux-64
  version: '2.43'
  build: h712a8e2_2
  build_number: 2
  subdir: linux-64
  url: https://conda.anaconda.org/conda-forge/linux-64/ld_impl_linux-64-2.43-h712a8e2_2.conda
  sha256: 7c91cea91b13f4314d125d1bedb9d03a29ebbd5080ccdea70260363424646dbe
  md5: 048b02e3962f066da18efe3a21b77672
  depends:
  - __glibc >=2.17,<3.0.a0
  constrains:
  - binutils_impl_linux-64 2.43
  license: GPL-3.0-only
  license_family: GPL
  size: 669211
  timestamp: 1729655358674
- kind: conda
  name: libblas
  version: 3.9.0
  build: 25_linux64_openblas
  build_number: 25
  subdir: linux-64
  url: https://conda.anaconda.org/conda-forge/linux-64/libblas-3.9.0-25_linux64_openblas.conda
  sha256: d6d12dc437d060f838820e9e61bf73baab651f91935ac594cf10beb9ef1b4450
  md5: 8ea26d42ca88ec5258802715fe1ee10b
  depends:
  - libopenblas >=0.3.28,<0.3.29.0a0
  - libopenblas >=0.3.28,<1.0a0
  constrains:
  - liblapack 3.9.0 25_linux64_openblas
  - libcblas 3.9.0 25_linux64_openblas
  - blas * openblas
  - liblapacke 3.9.0 25_linux64_openblas
  license: BSD-3-Clause
  license_family: BSD
  size: 15677
  timestamp: 1729642900350
- kind: conda
  name: libblas
  version: 3.9.0
  build: 25_osx64_openblas
  build_number: 25
  subdir: osx-64
  url: https://conda.anaconda.org/conda-forge/osx-64/libblas-3.9.0-25_osx64_openblas.conda
  sha256: 1b22b5322a311a775bca637b26317645cf07e35f125cede9278c6c45db6e7105
  md5: da0a6f87958893e1d2e2bbc7e7a6541f
  depends:
  - libopenblas >=0.3.28,<0.3.29.0a0
  - libopenblas >=0.3.28,<1.0a0
  constrains:
  - liblapack 3.9.0 25_osx64_openblas
  - liblapacke 3.9.0 25_osx64_openblas
  - blas * openblas
  - libcblas 3.9.0 25_osx64_openblas
  license: BSD-3-Clause
  license_family: BSD
  size: 15952
  timestamp: 1729643159199
- kind: conda
  name: libblas
  version: 3.9.0
  build: 25_win64_mkl
  build_number: 25
  subdir: win-64
  url: https://conda.anaconda.org/conda-forge/win-64/libblas-3.9.0-25_win64_mkl.conda
  sha256: 5468bb91c44b41ce060bbd997c797b2f91e2b7ce91a7cbf4ddf7e7b734a8dc98
  md5: 499208e81242efb6e5abc7366c91c816
  depends:
  - mkl 2024.2.2 h66d3029_14
  constrains:
  - blas * mkl
  - libcblas 3.9.0 25_win64_mkl
  - liblapack 3.9.0 25_win64_mkl
  - liblapacke 3.9.0 25_win64_mkl
  license: BSD-3-Clause
  license_family: BSD
  size: 3736641
  timestamp: 1729643534444
- kind: conda
  name: libcblas
  version: 3.9.0
  build: 25_linux64_openblas
  build_number: 25
  subdir: linux-64
  url: https://conda.anaconda.org/conda-forge/linux-64/libcblas-3.9.0-25_linux64_openblas.conda
  sha256: ab87b0477078837c91d9cda62a9faca18fba7c57cc77aa779ae24b3ac783b5dd
  md5: 5dbd1b0fc0d01ec5e0e1fbe667281a11
  depends:
  - libblas 3.9.0 25_linux64_openblas
  constrains:
  - liblapack 3.9.0 25_linux64_openblas
  - blas * openblas
  - liblapacke 3.9.0 25_linux64_openblas
  license: BSD-3-Clause
  license_family: BSD
  size: 15613
  timestamp: 1729642905619
- kind: conda
  name: libcblas
  version: 3.9.0
  build: 25_osx64_openblas
  build_number: 25
  subdir: osx-64
  url: https://conda.anaconda.org/conda-forge/osx-64/libcblas-3.9.0-25_osx64_openblas.conda
  sha256: b04ae297aa5396df3135514866db72845b111c92524570f923625473f11cfbe2
  md5: ab304b75ea67f850cf7adf9156e3f62f
  depends:
  - libblas 3.9.0 25_osx64_openblas
  constrains:
  - liblapack 3.9.0 25_osx64_openblas
  - liblapacke 3.9.0 25_osx64_openblas
  - blas * openblas
  license: BSD-3-Clause
  license_family: BSD
  size: 15842
  timestamp: 1729643166929
- kind: conda
  name: libcblas
  version: 3.9.0
  build: 25_win64_mkl
  build_number: 25
  subdir: win-64
  url: https://conda.anaconda.org/conda-forge/win-64/libcblas-3.9.0-25_win64_mkl.conda
  sha256: 21528cdfe67dafdb2d21925515a167f13963e002c2b6d06d68984767f731850c
  md5: 3ed189ba03a9888a8013aaee0d67c49d
  depends:
  - libblas 3.9.0 25_win64_mkl
  constrains:
  - blas * mkl
  - liblapack 3.9.0 25_win64_mkl
  - liblapacke 3.9.0 25_win64_mkl
  license: BSD-3-Clause
  license_family: BSD
  size: 3732258
  timestamp: 1729643561581
- kind: conda
  name: libcxx
  version: 19.1.2
  build: hf95d169_0
  subdir: osx-64
  url: https://conda.anaconda.org/conda-forge/osx-64/libcxx-19.1.2-hf95d169_0.conda
  sha256: 04593566411ce8dc6400777c772c10a153ebf1082b104ee52a98562a24a50880
  md5: 8bdfb741a2cdbd0a4e7b7dc30fbc0d6c
  depends:
  - __osx >=10.13
  license: Apache-2.0 WITH LLVM-exception
  license_family: Apache
  size: 526600
  timestamp: 1729038055775
- kind: conda
  name: libexpat
  version: 2.6.3
  build: h5888daf_0
  subdir: linux-64
  url: https://conda.anaconda.org/conda-forge/linux-64/libexpat-2.6.3-h5888daf_0.conda
  sha256: 4bb47bb2cd09898737a5211e2992d63c555d63715a07ba56eae0aff31fb89c22
  md5: 59f4c43bb1b5ef1c71946ff2cbf59524
  depends:
  - __glibc >=2.17,<3.0.a0
  - libgcc >=13
  constrains:
  - expat 2.6.3.*
  license: MIT
  license_family: MIT
  size: 73616
  timestamp: 1725568742634
- kind: conda
  name: libexpat
  version: 2.6.3
  build: hac325c4_0
  subdir: osx-64
  url: https://conda.anaconda.org/conda-forge/osx-64/libexpat-2.6.3-hac325c4_0.conda
  sha256: dd22dffad6731c352f4c14603868c9cce4d3b50ff5ff1e50f416a82dcb491947
  md5: c1db99b0a94a2f23bd6ce39e2d314e07
  depends:
  - __osx >=10.13
  constrains:
  - expat 2.6.3.*
  license: MIT
  license_family: MIT
  size: 70517
  timestamp: 1725568864316
- kind: conda
  name: libexpat
  version: 2.6.3
  build: he0c23c2_0
  subdir: win-64
  url: https://conda.anaconda.org/conda-forge/win-64/libexpat-2.6.3-he0c23c2_0.conda
  sha256: 9543965d155b8da96fc67dd81705fe5c2571c7c00becc8de5534c850393d4e3c
  md5: 21415fbf4d0de6767a621160b43e5dea
  depends:
  - ucrt >=10.0.20348.0
  - vc >=14.2,<15
  - vc14_runtime >=14.29.30139
  constrains:
  - expat 2.6.3.*
  license: MIT
  license_family: MIT
  size: 138992
  timestamp: 1725569106114
- kind: conda
  name: libffi
  version: 3.4.2
  build: h0d85af4_5
  build_number: 5
  subdir: osx-64
  url: https://conda.anaconda.org/conda-forge/osx-64/libffi-3.4.2-h0d85af4_5.tar.bz2
  sha256: 7a2d27a936ceee6942ea4d397f9c7d136f12549d86f7617e8b6bad51e01a941f
  md5: ccb34fb14960ad8b125962d3d79b31a9
  license: MIT
  license_family: MIT
  size: 51348
  timestamp: 1636488394370
- kind: conda
  name: libffi
  version: 3.4.2
  build: h7f98852_5
  build_number: 5
  subdir: linux-64
  url: https://conda.anaconda.org/conda-forge/linux-64/libffi-3.4.2-h7f98852_5.tar.bz2
  sha256: ab6e9856c21709b7b517e940ae7028ae0737546122f83c2aa5d692860c3b149e
  md5: d645c6d2ac96843a2bfaccd2d62b3ac3
  depends:
  - libgcc-ng >=9.4.0
  license: MIT
  license_family: MIT
  size: 58292
  timestamp: 1636488182923
- kind: conda
  name: libffi
  version: 3.4.2
  build: h8ffe710_5
  build_number: 5
  subdir: win-64
  url: https://conda.anaconda.org/conda-forge/win-64/libffi-3.4.2-h8ffe710_5.tar.bz2
  sha256: 1951ab740f80660e9bc07d2ed3aefb874d78c107264fd810f24a1a6211d4b1a5
  md5: 2c96d1b6915b408893f9472569dee135
  depends:
  - vc >=14.1,<15.0a0
  - vs2015_runtime >=14.16.27012
  license: MIT
  license_family: MIT
  size: 42063
  timestamp: 1636489106777
- kind: conda
  name: libgcc
  version: 14.2.0
  build: h77fa898_1
  build_number: 1
  subdir: linux-64
  url: https://conda.anaconda.org/conda-forge/linux-64/libgcc-14.2.0-h77fa898_1.conda
  sha256: 53eb8a79365e58849e7b1a068d31f4f9e718dc938d6f2c03e960345739a03569
  md5: 3cb76c3f10d3bc7f1105b2fc9db984df
  depends:
  - _libgcc_mutex 0.1 conda_forge
  - _openmp_mutex >=4.5
  constrains:
  - libgomp 14.2.0 h77fa898_1
  - libgcc-ng ==14.2.0=*_1
  license: GPL-3.0-only WITH GCC-exception-3.1
  license_family: GPL
  size: 848745
  timestamp: 1729027721139
- kind: conda
  name: libgcc-ng
  version: 14.2.0
  build: h69a702a_1
  build_number: 1
  subdir: linux-64
  url: https://conda.anaconda.org/conda-forge/linux-64/libgcc-ng-14.2.0-h69a702a_1.conda
  sha256: 3a76969c80e9af8b6e7a55090088bc41da4cffcde9e2c71b17f44d37b7cb87f7
  md5: e39480b9ca41323497b05492a63bc35b
  depends:
  - libgcc 14.2.0 h77fa898_1
  license: GPL-3.0-only WITH GCC-exception-3.1
  license_family: GPL
  size: 54142
  timestamp: 1729027726517
- kind: conda
  name: libgfortran
  version: 5.0.0
  build: 13_2_0_h97931a8_3
  build_number: 3
  subdir: osx-64
  url: https://conda.anaconda.org/conda-forge/osx-64/libgfortran-5.0.0-13_2_0_h97931a8_3.conda
  sha256: 4874422e567b68334705c135c17e5acdca1404de8255673ce30ad3510e00be0d
  md5: 0b6e23a012ee7a9a5f6b244f5a92c1d5
  depends:
  - libgfortran5 13.2.0 h2873a65_3
  license: GPL-3.0-only WITH GCC-exception-3.1
  license_family: GPL
  size: 110106
  timestamp: 1707328956438
- kind: conda
  name: libgfortran
  version: 14.2.0
  build: h69a702a_1
  build_number: 1
  subdir: linux-64
  url: https://conda.anaconda.org/conda-forge/linux-64/libgfortran-14.2.0-h69a702a_1.conda
  sha256: fc9e7f22a17faf74da904ebfc4d88699013d2992e55505e4aa0eb01770290977
  md5: f1fd30127802683586f768875127a987
  depends:
  - libgfortran5 14.2.0 hd5240d6_1
  constrains:
  - libgfortran-ng ==14.2.0=*_1
  license: GPL-3.0-only WITH GCC-exception-3.1
  license_family: GPL
  size: 53997
  timestamp: 1729027752995
- kind: conda
  name: libgfortran-ng
  version: 14.2.0
  build: h69a702a_1
  build_number: 1
  subdir: linux-64
  url: https://conda.anaconda.org/conda-forge/linux-64/libgfortran-ng-14.2.0-h69a702a_1.conda
  sha256: 423f1e2403f0c665748e42d335e421e53fd03c08d457cfb6f360d329d9459851
  md5: 0a7f4cd238267c88e5d69f7826a407eb
  depends:
  - libgfortran 14.2.0 h69a702a_1
  license: GPL-3.0-only WITH GCC-exception-3.1
  license_family: GPL
  size: 54106
  timestamp: 1729027945817
- kind: conda
  name: libgfortran5
  version: 13.2.0
  build: h2873a65_3
  build_number: 3
  subdir: osx-64
  url: https://conda.anaconda.org/conda-forge/osx-64/libgfortran5-13.2.0-h2873a65_3.conda
  sha256: da3db4b947e30aec7596a3ef92200d17e774cccbbf7efc47802529a4ca5ca31b
  md5: e4fb4d23ec2870ff3c40d10afe305aec
  depends:
  - llvm-openmp >=8.0.0
  constrains:
  - libgfortran 5.0.0 13_2_0_*_3
  license: GPL-3.0-only WITH GCC-exception-3.1
  license_family: GPL
  size: 1571379
  timestamp: 1707328880361
- kind: conda
  name: libgfortran5
  version: 14.2.0
  build: hd5240d6_1
  build_number: 1
  subdir: linux-64
  url: https://conda.anaconda.org/conda-forge/linux-64/libgfortran5-14.2.0-hd5240d6_1.conda
  sha256: d149a37ca73611e425041f33b9d8dbed6e52ec506fe8cc1fc0ee054bddeb6d5d
  md5: 9822b874ea29af082e5d36098d25427d
  depends:
  - libgcc >=14.2.0
  constrains:
  - libgfortran 14.2.0
  license: GPL-3.0-only WITH GCC-exception-3.1
  license_family: GPL
  size: 1462645
  timestamp: 1729027735353
- kind: conda
  name: libgomp
  version: 14.2.0
  build: h77fa898_1
  build_number: 1
  subdir: linux-64
  url: https://conda.anaconda.org/conda-forge/linux-64/libgomp-14.2.0-h77fa898_1.conda
  sha256: 1911c29975ec99b6b906904040c855772ccb265a1c79d5d75c8ceec4ed89cd63
  md5: cc3573974587f12dda90d96e3e55a702
  depends:
  - _libgcc_mutex 0.1 conda_forge
  license: GPL-3.0-only WITH GCC-exception-3.1
  license_family: GPL
  size: 460992
  timestamp: 1729027639220
- kind: conda
  name: libhwloc
  version: 2.11.1
  build: default_h8125262_1000
  build_number: 1000
  subdir: win-64
  url: https://conda.anaconda.org/conda-forge/win-64/libhwloc-2.11.1-default_h8125262_1000.conda
  sha256: 92728e292640186759d6dddae3334a1bc0b139740b736ffaeccb825fb8c07a2e
  md5: 933bad6e4658157f1aec9b171374fde2
  depends:
  - libxml2 >=2.12.7,<3.0a0
  - pthreads-win32
  - ucrt >=10.0.20348.0
  - vc >=14.2,<15
  - vc14_runtime >=14.29.30139
  license: BSD-3-Clause
  license_family: BSD
  size: 2379689
  timestamp: 1720461835526
- kind: conda
  name: libiconv
  version: '1.17'
  build: hcfcfb64_2
  build_number: 2
  subdir: win-64
  url: https://conda.anaconda.org/conda-forge/win-64/libiconv-1.17-hcfcfb64_2.conda
  sha256: 5f844dd19b046d43174ad80c6ea75b5d504020e3b63cfbc4ace97b8730d35c7b
  md5: e1eb10b1cca179f2baa3601e4efc8712
  depends:
  - ucrt >=10.0.20348.0
  - vc >=14.2,<15
  - vc14_runtime >=14.29.30139
  license: LGPL-2.1-only
  size: 636146
  timestamp: 1702682547199
- kind: conda
  name: liblapack
  version: 3.9.0
  build: 25_linux64_openblas
  build_number: 25
  subdir: linux-64
  url: https://conda.anaconda.org/conda-forge/linux-64/liblapack-3.9.0-25_linux64_openblas.conda
  sha256: 9d1ff017714edb2d84868f0f931a4a0e7c289a971062b2ac66cfc8145df7e20e
  md5: 4dc03a53fc69371a6158d0ed37214cd3
  depends:
  - libblas 3.9.0 25_linux64_openblas
  constrains:
  - liblapacke 3.9.0 25_linux64_openblas
  - libcblas 3.9.0 25_linux64_openblas
  - blas * openblas
  license: BSD-3-Clause
  license_family: BSD
  size: 15608
  timestamp: 1729642910812
- kind: conda
  name: liblapack
  version: 3.9.0
  build: 25_osx64_openblas
  build_number: 25
  subdir: osx-64
  url: https://conda.anaconda.org/conda-forge/osx-64/liblapack-3.9.0-25_osx64_openblas.conda
  sha256: 2a9a6143d103e7e21511cbf439521645bdd506bfabfcac9d6398dd0562c6905c
  md5: dda0e24b4605ebbd381e48606a107bed
  depends:
  - libblas 3.9.0 25_osx64_openblas
  constrains:
  - liblapacke 3.9.0 25_osx64_openblas
  - blas * openblas
  - libcblas 3.9.0 25_osx64_openblas
  license: BSD-3-Clause
  license_family: BSD
  size: 15852
  timestamp: 1729643174413
- kind: conda
  name: liblapack
  version: 3.9.0
  build: 25_win64_mkl
  build_number: 25
  subdir: win-64
  url: https://conda.anaconda.org/conda-forge/win-64/liblapack-3.9.0-25_win64_mkl.conda
  sha256: 98c13a28596389539abe3f608c6fbd2826df47671f77c58a331df878c6140c53
  md5: f716ef84564c574e8e74ae725f5d5f93
  depends:
  - libblas 3.9.0 25_win64_mkl
  constrains:
  - blas * mkl
  - libcblas 3.9.0 25_win64_mkl
  - liblapacke 3.9.0 25_win64_mkl
  license: BSD-3-Clause
  license_family: BSD
  size: 3736560
  timestamp: 1729643588182
- kind: conda
  name: libmpdec
  version: 4.0.0
  build: h2466b09_0
  subdir: win-64
  url: https://conda.anaconda.org/conda-forge/win-64/libmpdec-4.0.0-h2466b09_0.conda
  sha256: fc529fc82c7caf51202cc5cec5bb1c2e8d90edbac6d0a4602c966366efe3c7bf
  md5: 74860100b2029e2523cf480804c76b9b
  depends:
  - ucrt >=10.0.20348.0
  - vc >=14.2,<15
  - vc14_runtime >=14.29.30139
  license: BSD-2-Clause
  license_family: BSD
  size: 88657
  timestamp: 1723861474602
- kind: conda
  name: libmpdec
  version: 4.0.0
  build: h4bc722e_0
  subdir: linux-64
  url: https://conda.anaconda.org/conda-forge/linux-64/libmpdec-4.0.0-h4bc722e_0.conda
  sha256: d02d1d3304ecaf5c728e515eb7416517a0b118200cd5eacbe829c432d1664070
  md5: aeb98fdeb2e8f25d43ef71fbacbeec80
  depends:
  - __glibc >=2.17,<3.0.a0
  - libgcc-ng >=12
  license: BSD-2-Clause
  license_family: BSD
  size: 89991
  timestamp: 1723817448345
- kind: conda
  name: libmpdec
  version: 4.0.0
  build: hfdf4475_0
  subdir: osx-64
  url: https://conda.anaconda.org/conda-forge/osx-64/libmpdec-4.0.0-hfdf4475_0.conda
  sha256: 791be3d30d8e37ec49bcc23eb8f1e1415d911a7c023fa93685f2ea485179e258
  md5: ed625b2e59dff82859c23dd24774156b
  depends:
  - __osx >=10.13
  license: BSD-2-Clause
  license_family: BSD
  size: 76561
  timestamp: 1723817691512
- kind: conda
  name: libopenblas
  version: 0.3.28
  build: openmp_h8869122_0
  subdir: osx-64
  url: https://conda.anaconda.org/conda-forge/osx-64/libopenblas-0.3.28-openmp_h8869122_0.conda
  sha256: f86ff61991104bfa4fc7725c6d45c29516e7eb504a6d73ee23c50cd208900906
  md5: 6bf3c78f6d014543765570c8e1c65642
  depends:
  - __osx >=10.13
  - libgfortran 5.*
  - libgfortran5 >=12.3.0
  - llvm-openmp >=16.0.6
  constrains:
  - openblas >=0.3.28,<0.3.29.0a0
  license: BSD-3-Clause
  license_family: BSD
  size: 6052706
  timestamp: 1723932292682
- kind: conda
  name: libopenblas
  version: 0.3.28
  build: pthreads_h94d23a6_0
  subdir: linux-64
  url: https://conda.anaconda.org/conda-forge/linux-64/libopenblas-0.3.28-pthreads_h94d23a6_0.conda
  sha256: 1e41a6d63e07be996238a1e840a426f86068956a45e0c0bb24e49a8dad9874c1
  md5: 9ebc9aedafaa2515ab247ff6bb509458
  depends:
  - __glibc >=2.17,<3.0.a0
  - libgcc-ng >=14
  - libgfortran-ng
  - libgfortran5 >=14.1.0
  constrains:
  - openblas >=0.3.28,<0.3.29.0a0
  license: BSD-3-Clause
  license_family: BSD
  size: 5572213
  timestamp: 1723932528810
- kind: conda
  name: libsqlite
  version: 3.47.0
  build: h2466b09_0
  subdir: win-64
  url: https://conda.anaconda.org/conda-forge/win-64/libsqlite-3.47.0-h2466b09_0.conda
  sha256: 4f3cd0477c831eab48fb7fa3ed91d918aeb644fad9b4014726d445339750cdcc
  md5: 964bef59135d876c596ae67b3315e812
  depends:
  - ucrt >=10.0.20348.0
  - vc >=14.2,<15
  - vc14_runtime >=14.29.30139
  license: Unlicense
  size: 884970
  timestamp: 1729592254351
- kind: conda
  name: libsqlite
  version: 3.47.0
  build: h2f8c449_0
  subdir: osx-64
  url: https://conda.anaconda.org/conda-forge/osx-64/libsqlite-3.47.0-h2f8c449_0.conda
  sha256: 6bae3280dc402c9d306275363f3a88f6a667b8e3bfa68859b7928d42f0f1495a
  md5: 9dbe833ae53f6756fd87e32bd5fa508e
  depends:
  - __osx >=10.13
  - libzlib >=1.3.1,<2.0a0
  license: Unlicense
  size: 915473
  timestamp: 1729591970061
- kind: conda
  name: libsqlite
  version: 3.47.0
  build: hadc24fc_0
  subdir: linux-64
  url: https://conda.anaconda.org/conda-forge/linux-64/libsqlite-3.47.0-hadc24fc_0.conda
  sha256: 76ffc7a5823b51735c11d535f3666b3c9c7d1519f9fbb6fa9cdff79db01960b9
  md5: 540296f0ce9d3352188c15a89b30b9ac
  depends:
  - __glibc >=2.17,<3.0.a0
  - libgcc >=13
  - libzlib >=1.3.1,<2.0a0
  license: Unlicense
  size: 874704
  timestamp: 1729591931557
- kind: conda
  name: libstdcxx
  version: 14.2.0
  build: hc0a3c3a_1
  build_number: 1
  subdir: linux-64
  url: https://conda.anaconda.org/conda-forge/linux-64/libstdcxx-14.2.0-hc0a3c3a_1.conda
  sha256: 4661af0eb9bdcbb5fb33e5d0023b001ad4be828fccdcc56500059d56f9869462
  md5: 234a5554c53625688d51062645337328
  depends:
  - libgcc 14.2.0 h77fa898_1
  license: GPL-3.0-only WITH GCC-exception-3.1
  license_family: GPL
  size: 3893695
  timestamp: 1729027746910
- kind: conda
  name: libuuid
  version: 2.38.1
  build: h0b41bf4_0
  subdir: linux-64
  url: https://conda.anaconda.org/conda-forge/linux-64/libuuid-2.38.1-h0b41bf4_0.conda
  sha256: 787eb542f055a2b3de553614b25f09eefb0a0931b0c87dbcce6efdfd92f04f18
  md5: 40b61aab5c7ba9ff276c41cfffe6b80b
  depends:
  - libgcc-ng >=12
  license: BSD-3-Clause
  license_family: BSD
  size: 33601
  timestamp: 1680112270483
- kind: conda
  name: libxml2
  version: 2.12.7
  build: h0f24e4e_4
  build_number: 4
  subdir: win-64
  url: https://conda.anaconda.org/conda-forge/win-64/libxml2-2.12.7-h0f24e4e_4.conda
  sha256: ae78197961b09b0eef4ee194a44e4adc4555c0f2f20c348086b0cd8aaf2f7731
  md5: ed4d301f0d2149b34deb9c4fecafd836
  depends:
  - libiconv >=1.17,<2.0a0
  - libzlib >=1.3.1,<2.0a0
  - ucrt >=10.0.20348.0
  - vc >=14.2,<15
  - vc14_runtime >=14.29.30139
  license: MIT
  license_family: MIT
  size: 1682090
  timestamp: 1721031296951
- kind: conda
  name: libzlib
  version: 1.3.1
  build: h2466b09_2
  build_number: 2
  subdir: win-64
  url: https://conda.anaconda.org/conda-forge/win-64/libzlib-1.3.1-h2466b09_2.conda
  sha256: ba945c6493449bed0e6e29883c4943817f7c79cbff52b83360f7b341277c6402
  md5: 41fbfac52c601159df6c01f875de31b9
  depends:
  - ucrt >=10.0.20348.0
  - vc >=14.2,<15
  - vc14_runtime >=14.29.30139
  constrains:
  - zlib 1.3.1 *_2
  license: Zlib
  license_family: Other
  size: 55476
  timestamp: 1727963768015
- kind: conda
  name: libzlib
  version: 1.3.1
  build: hb9d3cd8_2
  build_number: 2
  subdir: linux-64
  url: https://conda.anaconda.org/conda-forge/linux-64/libzlib-1.3.1-hb9d3cd8_2.conda
  sha256: d4bfe88d7cb447768e31650f06257995601f89076080e76df55e3112d4e47dc4
  md5: edb0dca6bc32e4f4789199455a1dbeb8
  depends:
  - __glibc >=2.17,<3.0.a0
  - libgcc >=13
  constrains:
  - zlib 1.3.1 *_2
  license: Zlib
  license_family: Other
  size: 60963
  timestamp: 1727963148474
- kind: conda
  name: libzlib
  version: 1.3.1
  build: hd23fc13_2
  build_number: 2
  subdir: osx-64
  url: https://conda.anaconda.org/conda-forge/osx-64/libzlib-1.3.1-hd23fc13_2.conda
  sha256: 8412f96504fc5993a63edf1e211d042a1fd5b1d51dedec755d2058948fcced09
  md5: 003a54a4e32b02f7355b50a837e699da
  depends:
  - __osx >=10.13
  constrains:
  - zlib 1.3.1 *_2
  license: Zlib
  license_family: Other
  size: 57133
  timestamp: 1727963183990
- kind: conda
  name: llvm-openmp
  version: 19.1.2
  build: hf78d878_0
  subdir: osx-64
  url: https://conda.anaconda.org/conda-forge/osx-64/llvm-openmp-19.1.2-hf78d878_0.conda
  sha256: 92231d391886bca0c0dabb42f02a37e7acb8ea84399843173fe8c294814735dd
  md5: ca5f963676a9ad5383b7441368e1d107
  depends:
  - __osx >=10.13
  constrains:
  - openmp 19.1.2|19.1.2.*
  license: Apache-2.0 WITH LLVM-exception
  license_family: APACHE
  size: 305589
  timestamp: 1729145249496
- kind: conda
  name: mkl
  version: 2024.2.2
  build: h66d3029_14
  build_number: 14
  subdir: win-64
  url: https://conda.anaconda.org/conda-forge/win-64/mkl-2024.2.2-h66d3029_14.conda
  sha256: 098ba4a3cb82f627bc79dc0ab1111b44859c9ef4aaa8d75ce043bce107770cb3
  md5: f011e7cc21918dc9d1efe0209e27fa16
  depends:
  - intel-openmp 2024.*
  - tbb 2021.*
  license: LicenseRef-IntelSimplifiedSoftwareOct2022
  license_family: Proprietary
  size: 103019089
  timestamp: 1727378392081
- kind: conda
  name: ncurses
  version: '6.5'
  build: he02047a_1
  build_number: 1
  subdir: linux-64
  url: https://conda.anaconda.org/conda-forge/linux-64/ncurses-6.5-he02047a_1.conda
  sha256: 6a1d5d8634c1a07913f1c525db6455918cbc589d745fac46d9d6e30340c8731a
  md5: 70caf8bb6cf39a0b6b7efc885f51c0fe
  depends:
  - __glibc >=2.17,<3.0.a0
  - libgcc-ng >=12
  license: X11 AND BSD-3-Clause
  size: 889086
  timestamp: 1724658547447
- kind: conda
  name: ncurses
  version: '6.5'
  build: hf036a51_1
  build_number: 1
  subdir: osx-64
  url: https://conda.anaconda.org/conda-forge/osx-64/ncurses-6.5-hf036a51_1.conda
  sha256: b0b3180039ef19502525a2abd5833c00f9624af830fd391f851934d57bffb9af
  md5: e102bbf8a6ceeaf429deab8032fc8977
  depends:
  - __osx >=10.13
  license: X11 AND BSD-3-Clause
  size: 822066
  timestamp: 1724658603042
- kind: conda
  name: numpy
  version: 2.1.2
  build: py313h4bf6692_0
  subdir: linux-64
  url: https://conda.anaconda.org/conda-forge/linux-64/numpy-2.1.2-py313h4bf6692_0.conda
  sha256: 1d160a3e4d96f5e1fc81a97ca849be8bba055854bcf05ed866e94987e63e03c0
  md5: 01160f6090dd2db5c0dce21712121d33
  depends:
  - __glibc >=2.17,<3.0.a0
  - libblas >=3.9.0,<4.0a0
  - libcblas >=3.9.0,<4.0a0
  - libgcc >=13
  - liblapack >=3.9.0,<4.0a0
  - libstdcxx >=13
  - python >=3.13.0rc3,<3.14.0a0
  - python_abi 3.13.* *_cp313
  constrains:
  - numpy-base <0a0
  license: BSD-3-Clause
  license_family: BSD
  size: 8493435
  timestamp: 1728240511631
- kind: conda
  name: numpy
  version: 2.1.2
  build: py313hd1f2bdd_0
  subdir: osx-64
  url: https://conda.anaconda.org/conda-forge/osx-64/numpy-2.1.2-py313hd1f2bdd_0.conda
  sha256: 0b2f8e2589655b568073fe56da04d29fd7dd13c02e8f7b8bedec175c76d9d93e
  md5: 6b6950575916f90c82ad76e13a8a58f4
  depends:
  - __osx >=10.13
  - libblas >=3.9.0,<4.0a0
  - libcblas >=3.9.0,<4.0a0
  - libcxx >=17
  - liblapack >=3.9.0,<4.0a0
  - python >=3.13.0rc3,<3.14.0a0
  - python_abi 3.13.* *_cp313
  constrains:
  - numpy-base <0a0
  license: BSD-3-Clause
  license_family: BSD
  size: 7474292
  timestamp: 1728240385552
- kind: conda
  name: numpy
  version: 2.1.2
  build: py313hd65a2fa_0
  subdir: win-64
  url: https://conda.anaconda.org/conda-forge/win-64/numpy-2.1.2-py313hd65a2fa_0.conda
  sha256: 16235263d027496ece75039a5ad9063429d21bc1d4b46c79fef48232dac183a6
  md5: bedcf5207b54644dcd02e671ce3acd02
  depends:
  - libblas >=3.9.0,<4.0a0
  - libcblas >=3.9.0,<4.0a0
  - liblapack >=3.9.0,<4.0a0
  - python >=3.13,<3.14.0a0
  - python_abi 3.13.* *_cp313
  - ucrt >=10.0.20348.0
  - vc >=14.2,<15
  - vc14_runtime >=14.29.30139
  constrains:
  - numpy-base <0a0
  license: BSD-3-Clause
  license_family: BSD
  size: 7018073
  timestamp: 1728665195933
- kind: conda
  name: openssl
  version: 3.3.2
  build: h2466b09_0
  subdir: win-64
  url: https://conda.anaconda.org/conda-forge/win-64/openssl-3.3.2-h2466b09_0.conda
  sha256: a45c42f3577294e22ac39ddb6ef5a64fd5322e8a6725afefbf4f2b4109340bf9
  md5: 1dc86753693df5e3326bb8a85b74c589
  depends:
  - ca-certificates
  - ucrt >=10.0.20348.0
  - vc >=14.2,<15
  - vc14_runtime >=14.29.30139
  license: Apache-2.0
  license_family: Apache
  size: 8396053
  timestamp: 1725412961673
- kind: conda
  name: openssl
  version: 3.3.2
  build: hb9d3cd8_0
  subdir: linux-64
  url: https://conda.anaconda.org/conda-forge/linux-64/openssl-3.3.2-hb9d3cd8_0.conda
  sha256: cee91036686419f6dd6086902acf7142b4916e1c4ba042e9ca23e151da012b6d
  md5: 4d638782050ab6faa27275bed57e9b4e
  depends:
  - __glibc >=2.17,<3.0.a0
  - ca-certificates
  - libgcc >=13
  license: Apache-2.0
  license_family: Apache
  size: 2891789
  timestamp: 1725410790053
- kind: conda
  name: openssl
  version: 3.3.2
  build: hd23fc13_0
  subdir: osx-64
  url: https://conda.anaconda.org/conda-forge/osx-64/openssl-3.3.2-hd23fc13_0.conda
  sha256: 2b75d4b56e45992adf172b158143742daeb316c35274b36f385ccb6644e93268
  md5: 2ff47134c8e292868a4609519b1ea3b6
  depends:
  - __osx >=10.13
  - ca-certificates
  license: Apache-2.0
  license_family: Apache
  size: 2544654
  timestamp: 1725410973572
- kind: conda
  name: pthreads-win32
  version: 2.9.1
  build: h2466b09_4
  build_number: 4
  subdir: win-64
  url: https://conda.anaconda.org/conda-forge/win-64/pthreads-win32-2.9.1-h2466b09_4.conda
  sha256: b989bdcf0a22ba05a238adac1ad3452c11871681f565e509f629e225a26b7d45
  md5: cf98a67a1ec8040b42455002a24f0b0b
  depends:
  - ucrt >=10.0.20348.0
  - vc >=14.2,<15
  - vc14_runtime >=14.29.30139
  license: LGPL-2.1-or-later
  size: 265827
  timestamp: 1728400965968
- kind: conda
  name: python
  version: 3.13.0
  build: h0608dab_100_cp313
  build_number: 100
  subdir: osx-64
  url: https://conda.anaconda.org/conda-forge/osx-64/python-3.13.0-h0608dab_100_cp313.conda
  sha256: f4c8ca4c34cb2a508956cfc8c2130dc30f168a75ae8254da8c43b5dce10ed2ea
  md5: 9603103619775a3f99fe4b58d278775e
  depends:
  - __osx >=10.13
  - bzip2 >=1.0.8,<2.0a0
  - libexpat >=2.6.3,<3.0a0
  - libffi >=3.4,<4.0a0
  - libmpdec >=4.0.0,<5.0a0
  - libsqlite >=3.46.1,<4.0a0
  - libzlib >=1.3.1,<2.0a0
  - ncurses >=6.5,<7.0a0
  - openssl >=3.3.2,<4.0a0
  - python_abi 3.13.* *_cp313
  - readline >=8.2,<9.0a0
  - tk >=8.6.13,<8.7.0a0
  - tzdata
  - xz >=5.2.6,<6.0a0
  license: Python-2.0
  size: 13933848
  timestamp: 1729169951268
- kind: conda
  name: python
  version: 3.13.0
  build: h9ebbce0_100_cp313
  build_number: 100
  subdir: linux-64
  url: https://conda.anaconda.org/conda-forge/linux-64/python-3.13.0-h9ebbce0_100_cp313.conda
  sha256: 6ab5179679f0909db828d8316f3b8b379014a82404807310fe7df5a6cf303646
  md5: 08e9aef080f33daeb192b2ddc7e4721f
  depends:
  - __glibc >=2.17,<3.0.a0
  - bzip2 >=1.0.8,<2.0a0
  - ld_impl_linux-64 >=2.36.1
  - libexpat >=2.6.3,<3.0a0
  - libffi >=3.4,<4.0a0
  - libgcc >=13
  - libmpdec >=4.0.0,<5.0a0
  - libsqlite >=3.46.1,<4.0a0
  - libuuid >=2.38.1,<3.0a0
  - libzlib >=1.3.1,<2.0a0
  - ncurses >=6.5,<7.0a0
  - openssl >=3.3.2,<4.0a0
  - python_abi 3.13.* *_cp313
  - readline >=8.2,<9.0a0
  - tk >=8.6.13,<8.7.0a0
  - tzdata
  - xz >=5.2.6,<6.0a0
  license: Python-2.0
  size: 33112481
  timestamp: 1728419573472
- kind: conda
  name: python
  version: 3.13.0
  build: hf5aa216_100_cp313
  build_number: 100
  subdir: win-64
  url: https://conda.anaconda.org/conda-forge/win-64/python-3.13.0-hf5aa216_100_cp313.conda
  sha256: 18f3f0bd514c9101d38d57835b2d027958f3ae4b3b65c22d187a857aa26b3a08
  md5: 3c2f7ad3f598480fe2a09e4e33cb1a2a
  depends:
  - bzip2 >=1.0.8,<2.0a0
  - libexpat >=2.6.3,<3.0a0
  - libffi >=3.4,<4.0a0
  - libmpdec >=4.0.0,<5.0a0
  - libsqlite >=3.46.1,<4.0a0
  - libzlib >=1.3.1,<2.0a0
  - openssl >=3.3.2,<4.0a0
  - python_abi 3.13.* *_cp313
  - tk >=8.6.13,<8.7.0a0
  - tzdata
  - ucrt >=10.0.20348.0
  - vc >=14.2,<15
  - vc14_runtime >=14.29.30139
  - xz >=5.2.6,<6.0a0
  license: Python-2.0
  size: 16641177
  timestamp: 1728417810202
- kind: conda
  name: python_abi
  version: '3.13'
  build: 5_cp313
  build_number: 5
  subdir: linux-64
  url: https://conda.anaconda.org/conda-forge/linux-64/python_abi-3.13-5_cp313.conda
  sha256: 438225b241c5f9bddae6f0178a97f5870a89ecf927dfca54753e689907331442
  md5: 381bbd2a92c863f640a55b6ff3c35161
  constrains:
  - python 3.13.* *_cp313
  license: BSD-3-Clause
  license_family: BSD
  size: 6217
  timestamp: 1723823393322
- kind: conda
  name: python_abi
  version: '3.13'
  build: 5_cp313
  build_number: 5
  subdir: osx-64
  url: https://conda.anaconda.org/conda-forge/osx-64/python_abi-3.13-5_cp313.conda
  sha256: 075ad768648e88b78d2a94099563b43d3082e7c35979f457164f26d1079b7b5c
  md5: 927a2186f1f997ac018d67c4eece90a6
  constrains:
  - python 3.13.* *_cp313
  license: BSD-3-Clause
  license_family: BSD
  size: 6291
  timestamp: 1723823083064
- kind: conda
  name: python_abi
  version: '3.13'
  build: 5_cp313
  build_number: 5
  subdir: win-64
  url: https://conda.anaconda.org/conda-forge/win-64/python_abi-3.13-5_cp313.conda
  sha256: 0c12cc1b84962444002c699ed21e815fb9f686f950d734332a1b74d07db97756
  md5: 44b4fe6f22b57103afb2299935c8b68e
  constrains:
  - python 3.13.* *_cp313
  license: BSD-3-Clause
  license_family: BSD
  size: 6716
  timestamp: 1723823166911
- kind: conda
  name: readline
  version: '8.2'
  build: h8228510_1
  build_number: 1
  subdir: linux-64
  url: https://conda.anaconda.org/conda-forge/linux-64/readline-8.2-h8228510_1.conda
  sha256: 5435cf39d039387fbdc977b0a762357ea909a7694d9528ab40f005e9208744d7
  md5: 47d31b792659ce70f470b5c82fdfb7a4
  depends:
  - libgcc-ng >=12
  - ncurses >=6.3,<7.0a0
  license: GPL-3.0-only
  license_family: GPL
  size: 281456
  timestamp: 1679532220005
- kind: conda
  name: readline
  version: '8.2'
  build: h9e318b2_1
  build_number: 1
  subdir: osx-64
  url: https://conda.anaconda.org/conda-forge/osx-64/readline-8.2-h9e318b2_1.conda
  sha256: 41e7d30a097d9b060037f0c6a2b1d4c4ae7e942c06c943d23f9d481548478568
  md5: f17f77f2acf4d344734bda76829ce14e
  depends:
  - ncurses >=6.3,<7.0a0
  license: GPL-3.0-only
  license_family: GPL
  size: 255870
  timestamp: 1679532707590
- kind: conda
  name: tbb
  version: 2021.13.0
  build: hc790b64_0
  subdir: win-64
  url: https://conda.anaconda.org/conda-forge/win-64/tbb-2021.13.0-hc790b64_0.conda
  sha256: 990dbe4fb42f14700c22bd434d8312607bf8d0bd9f922b054e51fda14c41994c
  md5: 28496a1e6af43c63927da4f80260348d
  depends:
  - libhwloc >=2.11.1,<2.11.2.0a0
  - ucrt >=10.0.20348.0
  - vc >=14.2,<15
  - vc14_runtime >=14.29.30139
  license: Apache-2.0
  license_family: APACHE
  size: 151494
  timestamp: 1725532984828
- kind: conda
  name: tk
  version: 8.6.13
  build: h1abcd95_1
  build_number: 1
  subdir: osx-64
  url: https://conda.anaconda.org/conda-forge/osx-64/tk-8.6.13-h1abcd95_1.conda
  sha256: 30412b2e9de4ff82d8c2a7e5d06a15f4f4fef1809a72138b6ccb53a33b26faf5
  md5: bf830ba5afc507c6232d4ef0fb1a882d
  depends:
  - libzlib >=1.2.13,<2.0.0a0
  license: TCL
  license_family: BSD
  size: 3270220
  timestamp: 1699202389792
- kind: conda
  name: tk
  version: 8.6.13
  build: h5226925_1
  build_number: 1
  subdir: win-64
  url: https://conda.anaconda.org/conda-forge/win-64/tk-8.6.13-h5226925_1.conda
  sha256: 2c4e914f521ccb2718946645108c9bd3fc3216ba69aea20c2c3cedbd8db32bb1
  md5: fc048363eb8f03cd1737600a5d08aafe
  depends:
  - ucrt >=10.0.20348.0
  - vc >=14.2,<15
  - vc14_runtime >=14.29.30139
  license: TCL
  license_family: BSD
  size: 3503410
  timestamp: 1699202577803
- kind: conda
  name: tk
  version: 8.6.13
  build: noxft_h4845f30_101
  build_number: 101
  subdir: linux-64
  url: https://conda.anaconda.org/conda-forge/linux-64/tk-8.6.13-noxft_h4845f30_101.conda
  sha256: e0569c9caa68bf476bead1bed3d79650bb080b532c64a4af7d8ca286c08dea4e
  md5: d453b98d9c83e71da0741bb0ff4d76bc
  depends:
  - libgcc-ng >=12
  - libzlib >=1.2.13,<2.0.0a0
  license: TCL
  license_family: BSD
  size: 3318875
  timestamp: 1699202167581
- kind: conda
  name: tzdata
  version: 2024b
  build: hc8b5060_0
  subdir: noarch
  noarch: generic
  url: https://conda.anaconda.org/conda-forge/noarch/tzdata-2024b-hc8b5060_0.conda
  sha256: 4fde5c3008bf5d2db82f2b50204464314cc3c91c1d953652f7bd01d9e52aefdf
  md5: 8ac3367aafb1cc0a068483c580af8015
  license: LicenseRef-Public-Domain
  size: 122354
  timestamp: 1728047496079
- kind: conda
  name: ucrt
  version: 10.0.22621.0
  build: h57928b3_1
  build_number: 1
  subdir: win-64
  url: https://conda.anaconda.org/conda-forge/win-64/ucrt-10.0.22621.0-h57928b3_1.conda
  sha256: db8dead3dd30fb1a032737554ce91e2819b43496a0db09927edf01c32b577450
  md5: 6797b005cd0f439c4c5c9ac565783700
  constrains:
  - vs2015_runtime >=14.29.30037
  license: LicenseRef-MicrosoftWindowsSDK10
  size: 559710
  timestamp: 1728377334097
- kind: conda
  name: vc
  version: '14.3'
  build: ha32ba9b_22
  build_number: 22
  subdir: win-64
  url: https://conda.anaconda.org/conda-forge/win-64/vc-14.3-ha32ba9b_22.conda
  sha256: 2a47c5bd8bec045959afada7063feacd074ad66b170c1ea92dd139b389fcf8fd
  md5: 311c9ba1dfdd2895a8cb08346ff26259
  depends:
  - vc14_runtime >=14.38.33135
  track_features:
  - vc14
  license: BSD-3-Clause
  license_family: BSD
  size: 17447
  timestamp: 1728400826998
- kind: conda
  name: vc14_runtime
  version: 14.40.33810
  build: hcc2c482_22
  build_number: 22
  subdir: win-64
  url: https://conda.anaconda.org/conda-forge/win-64/vc14_runtime-14.40.33810-hcc2c482_22.conda
  sha256: 4c669c65007f88a7cdd560192f7e6d5679d191ac71610db724e18b2410964d64
  md5: ce23a4b980ee0556a118ed96550ff3f3
  depends:
  - ucrt >=10.0.20348.0
  constrains:
  - vs2015_runtime 14.40.33810.* *_22
  license: LicenseRef-MicrosoftVisualCpp2015-2022Runtime
  license_family: Proprietary
  size: 750719
  timestamp: 1728401055788
- kind: conda
  name: vs2015_runtime
  version: 14.40.33810
  build: h3bf8584_22
  build_number: 22
  subdir: win-64
  url: https://conda.anaconda.org/conda-forge/win-64/vs2015_runtime-14.40.33810-h3bf8584_22.conda
  sha256: 80aa9932203d65a96f817b8be4fafc176fb2b3fe6cf6899ede678b8f0317fbff
  md5: 8c6b061d44cafdfc8e8c6eb5f100caf0
  depends:
  - vc14_runtime >=14.40.33810
  license: BSD-3-Clause
  license_family: BSD
  size: 17453
  timestamp: 1728400827536
- kind: conda
  name: xz
  version: 5.2.6
  build: h166bdaf_0
  subdir: linux-64
  url: https://conda.anaconda.org/conda-forge/linux-64/xz-5.2.6-h166bdaf_0.tar.bz2
  sha256: 03a6d28ded42af8a347345f82f3eebdd6807a08526d47899a42d62d319609162
  md5: 2161070d867d1b1204ea749c8eec4ef0
  depends:
  - libgcc-ng >=12
  license: LGPL-2.1 and GPL-2.0
  size: 418368
  timestamp: 1660346797927
- kind: conda
  name: xz
  version: 5.2.6
  build: h775f41a_0
  subdir: osx-64
  url: https://conda.anaconda.org/conda-forge/osx-64/xz-5.2.6-h775f41a_0.tar.bz2
  sha256: eb09823f34cc2dd663c0ec4ab13f246f45dcd52e5b8c47b9864361de5204a1c8
  md5: a72f9d4ea13d55d745ff1ed594747f10
  license: LGPL-2.1 and GPL-2.0
  size: 238119
  timestamp: 1660346964847
- kind: conda
  name: xz
  version: 5.2.6
  build: h8d14728_0
  subdir: win-64
  url: https://conda.anaconda.org/conda-forge/win-64/xz-5.2.6-h8d14728_0.tar.bz2
  sha256: 54d9778f75a02723784dc63aff4126ff6e6749ba21d11a6d03c1f4775f269fe0
  md5: 515d77642eaa3639413c6b1bc3f94219
  depends:
  - vc >=14.1,<15
  - vs2015_runtime >=14.16.27033
  license: LGPL-2.1 and GPL-2.0
  size: 217804
  timestamp: 1660346976440
