# THIS IS AN AUTOGENERATED FILE. DO NOT EDIT THIS FILE DIRECTLY.
# yarn lockfile v1
abab@^1.0.0:
  version "1.0.3"
  resolved "https://registry.yarnpkg.com/abab/-/abab-1.0.3.tgz#b81de5f7274ec4e756d797cd834f303642724e5d"

abbrev@1, abbrev@1.0.x:
  version "1.0.9"
  resolved "https://registry.yarnpkg.com/abbrev/-/abbrev-1.0.9.tgz#91b4792588a7738c25f35dd6f63752a2f8776135"
