%% THIS FILE IS GENERATED. DO NOT EDIT IT MANUALLY %%

{sub_dirs,["rel","apps/riak"]}.
{require_otp_vsn,"R16|17"}.
{cover_enabled,true}.
{lib_dirs,["apps/riak"]}.
{erl_opts,[debug_info,fail_on_warning]}.
{eunit_opts,[verbose]}.
{erlydtl_opts,[{compiler_options,[report,return,debug_info]}]}.
{deps,[{rebar_lock_deps_plugin,".*",
                               {git,"git://github.com/seth/rebar_lock_deps_plugin.git",
                                    "7a5835029c42b8138325405237ea7e8516a84800"}},
       {node_package,".*",
                     {git,"git://github.com/basho/node_package.git",
                          "a829631eccebe3c1d7657a0075584f55bf342977"}},
       {goldrush,".*",
                 {git,"git://github.com/DeadZen/goldrush.git",
                      "71e63212f12c25827e0c1b4198d37d5d018a7fec"}},
       {lager,".*",
              {git,"git://github.com/basho/lager.git",
                   "b6b6cebcb27ccff8acc59ae775acebc2f52e4926"}},
       {syslog,".*",
               {git,"git://github.com/Vagabond/erlang-syslog.git",
                    "918c9b453e0811b24f2c99b35b712b0ef9f29c7e"}},
       {lager_syslog,".*",
                     {git,"git://github.com/basho/lager_syslog.git",
                          "fa2e7e3daee0d0a59dadb820fd3381eac4a65770"}},
       {cluster_info,".*",
                     {git,"git://github.com/basho/cluster_info.git",
                          "e231144ca32dc83317be3360a4a259c73826b08a"}},
       {sidejob,".*",
                {git,"git://github.com/basho/sidejob.git",
                     "c5aabba2d7daa80c340e110902bbcfcb552ccdcf"}},
       {erlang_js,".*",
                  {git,"git://github.com/basho/erlang_js.git",
                       "07467d899ab90a2b719ad19ab0be0048c1c8d873"}},
       {meck,".*",
             {git,"git://github.com/basho/meck.git",
                  "dde759050eff19a1a80fd854d7375174b191665d"}},
       {getopt,".*",
               {git,"git://github.com/jcomellas/getopt.git",
                    "659a28f4145bc9843598972854299dc4ea77e4cb"}},
       {neotoma,".*",
                {git,"git://github.com/seancribbs/neotoma.git",
                     "760928ec8870da02eb11bccb501e2700925d06c6"}},
       {cuttlefish,".*",
                   {git,"git://github.com/basho/cuttlefish.git",
                        "c92c8325aeaea6b6ba7516bbd434f8e408f87d60"}},
       {bitcask,".*",
                {git,"git://github.com/basho/bitcask.git",
                     "c74d0c43fdefdd435f7621ddf1fc2995b5bd123c"}},
       {eper,".*",
             {git,"git://github.com/basho/eper.git",
                  "7222ecaebceb5422e74a9c1503043bbc6036f6b7"}},
       {edown,".*",
              {git,"git://github.com/uwiger/edown.git",
                   "d62ec85281e451a46ba30045917c119d65b72a84"}},
       {sext,".*",
             {git,"git://github.com/basho/sext.git",
                  "846b9cc22456287a572efd4c924203d77778670f"}},
       {poolboy,".*",
                {git,"git://github.com/basho/poolboy.git",
                     "8bb45fbc715c5f493642a1cc572ec7017d0d5fa3"}},
       {basho_stats,".*",
                    {git,"git://github.com/basho/basho_stats.git",
                         "19c532af235ae675439d491b329c55c2f9b02deb"}},
       {riak_sysmon,".*",
                    {git,"git://github.com/basho/riak_sysmon.git",
                         "26a58bcaba96d07df885f7b3db4d4306f995ce14"}},
       {eleveldb,".*",
                 {git,"git://github.com/basho/eleveldb.git",
                      "0e4e4e7cf3ddc26523a77f853ea9409c1707b26c"}},
       {riak_ensemble,".*",
                      {git,"git://github.com/basho/riak_ensemble",
                           "78dc8f623353a212ca3cf12236d1e9ac824bde16"}},
       {pbkdf2,".*",
               {git,"git://github.com/basho/erlang-pbkdf2.git",
                    "7076584f5377e98600a7e2cb81980b2992fb2f71"}},
       {parse_trans,".*",
                    {git,"git://github.com/uwiger/parse_trans.git",
                         "82cc00264aa1bad8fc5c0739b7541feb4a843432"}},
       {bear,".*",
             {git,"git://github.com/basho/bear.git",
                  "da820a13c607c3f816ee8b83c587266da5389761"}},
       {folsom,".*",
               {git,"git://github.com/basho/folsom.git",
                    "72944523b6467c9f7add5f1c96dd5020424a2681"}},
       {setup,".*",
              {git,"git://github.com/uwiger/setup.git",
                   "51ee7c9f64d2bbe9dcbb58c278e8fbfd4d0ca5e2"}},
       {exometer_core,".*",
                      {git,"git://github.com/basho/exometer_core.git",
                           "b47a5d65d9500c2b8f6ccc50e34005503589ef77"}},
       {clique,".*",
               {git,"git://github.com/basho/clique.git",
                    "3af4db8ea0f74aca42f6713446dcd5915c795a74"}},
       {riak_core,".*",
                  {git,"git://github.com/basho/riak_core.git",
                       "044c4e7f8dbfe8c49c45f2f7090adff4cd5aba50"}},
       {riak_pipe,".*",
                  {git,"git://github.com/basho/riak_pipe.git",
                       "3c0abc7ba301d57940c5a9c5de368b70429c28ff"}},
       {protobuffs,".*",
                   {git,"git://github.com/basho/erlang_protobuffs.git",
                        "f88fc3c6881687432ddd5546b3c7b08009dfb26f"}},
       {riak_pb,".*",
                {git,"git://github.com/basho/riak_pb.git",
                     "78c50efa698f33f7d6ab1c7f5fa4666ec03b46b4"}},
       {mochiweb,".*",
                 {git,"git://github.com/basho/mochiweb.git",
                      "ade2a9b29a11034eb550c1d79b4f991bf5ca05ba"}},
       {webmachine,".*",
                   {git,"git://github.com/basho/webmachine.git",
                        "7677c240f4a7ed020f4bab48278224966bb42311"}},
       {riak_api,".*",
                 {git,"git://github.com/basho/riak_api.git",
                      "2781e66796903bc6847bffcf71a6ba7a05d69275"}},
       {riak_dt,".*",
                {git,"git://github.com/basho/riak_dt.git",
                     "f7981d4ad7407ddc085f133f204dd71bf9d50c56"}},
       {eunit_formatters,".*",
                         {git,"git://github.com/seancribbs/eunit_formatters",
                              "96b6ced4d45ba641cbf2c8a8ae9b350dd300bc10"}},
       {riak_kv,".*",
                {git,"git://github.com/basho/riak_kv.git",
                     "404619cb57574cd43e2dc0dc0453884ec6732a99"}},
       {merge_index,".*",
                    {git,"git://github.com/basho/merge_index.git",
                         "b701dde5c28956c3b629411e5ff7e50cbb5cb4b3"}},
       {riak_search,".*",
                    {git,"git://github.com/basho/riak_search.git",
                         "8fe4a8c020a74c52ee877bf6dd410824b4f79f8b"}},
       {erlydtl,".*",
                {git,"git://github.com/evanmiller/erlydtl.git",
                     "d20b53f04837a1053ed18987f645cb60eae82453"}},
       {riak_control,".*",
                     {git,"git://github.com/basho/riak_control.git",
                          "09073ce672260e1ec0ba3999fabed7f319624ba1"}},
       {riaknostic,".*",
                   {git,"git://github.com/basho/riaknostic.git",
                        "101d95bddff4b70afcd1dd5442b8c6651887e0a4"}},
       {kvc,".*",
            {git,"git://github.com/etrepum/kvc.git",
                 "5565fe51857747662410cc3c06362ebcf48a2f04"}},
       {ibrowse,".*",
                {git,"git://github.com/cmullaparthi/ibrowse.git",
                     "e8ae353c16d4f0897abb9f80025b52925b974dd1"}},
       {yokozuna,".*",
                 {git,"git://github.com/basho/yokozuna.git",
                      "5868266b11f131d14c85495e50f899f3fe8158ba"}},
       {canola,".*",
               {git,"git://github.com/basho/canola.git",
                    "9bdfee88fce20b3a01b7003696b53eb21913d6fb"}},
       {riak_auth_mods,".*",
                       {git,"git://github.com/basho/riak_auth_mods.git",
                            "31b8b30e6c215418522eaa615264ae9769a87410"}}]}.
{plugins,[rebar_lock_deps_plugin]}.

