[{<<"goldrush">>,
  {git,"git://github.com/DeadZen/goldrush.git",
       {ref,"71e63212f12c25827e0c1b4198d37d5d018a7fec"}},
  1},
 {<<"riak_dt">>,
  {git,"git://github.com/helium/riak_dt.git",
       {ref,"15d66cb26c2028c1ad1271c359b1d5da213825c3"}},
  0},
 {<<"lager">>,
  {git,"git://github.com/basho/lager.git",
       {ref,"d33ccf3b69de09a628fe38b4d7981bb8671b8a4f"}},
  0},
 {<<"eleveldb">>,
  {git,"git://github.com/helium/eleveldb.git",
       {ref,"29a5360dc0365b3330dd0cd45b0b8166f3b854be"}},
  0}].
