{
  "lockFileVersion": 6,
  "moduleFileHash": "e3b0c44298fc1c149afbf4c8996fb92427ae41e4649b934ca495991b7852b855",
  "flags": {
    "cmdRegistries": [
      "https://bcr.bazel.build/"
    ],
    "cmdModuleOverrides": {},
    "allowedYankedVersions": [],
    "envVarAllowedYankedVersions": "",
    "ignoreDevDependency": false,
    "directDependenciesMode": "WARNING",
    "compatibilityMode": "ERROR"
  },
  "localOverrideHashes": {
    "bazel_tools": "1ae69322ac3823527337acf02016e8ee95813d8d356f47060255b8956fa642f0"
  },
  "moduleDepGraph": {
    "<root>": {
      "name": "",
      "version": "",
      "key": "<root>",
      "repoName": "",
      "executionPlatformsToRegister": [],
      "toolchainsToRegister": [],
      "extensionUsages": [],
      "deps": {
        "bazel_tools": "bazel_tools@_",
        "local_config_platform": "local_config_platform@_"
      }
    },
    "bazel_tools@_": {
      "name": "bazel_tools",
      "version": "",
      "key": "bazel_tools@_",
      "repoName": "bazel_tools",
      "executionPlatformsToRegister": [],
      "toolchainsToRegister": [
        "@local_config_cc_toolchains//:all",
        "@local_config_sh//:local_sh_toolchain"
      ],
      "extensionUsages": [],
      "deps": {
        "rules_cc": "rules_cc@0.0.9",
        "rules_java": "rules_java@7.4.0",
        "rules_license": "rules_license@0.0.7",
        "rules_proto": "rules_proto@5.3.0-21.7",
        "rules_python": "rules_python@0.22.1",
        "buildozer": "buildozer@6.4.0.2",
        "platforms": "platforms@0.0.7",
        "com_google_protobuf": "protobuf@21.7",
        "zlib": "zlib@1.3",
        "build_bazel_apple_support": "apple_support@1.5.0",
        "local_config_platform": "local_config_platform@_"
      }
    },
    "local_config_platform@_": {
      "name": "local_config_platform",
      "version": "",
      "key": "local_config_platform@_",
      "repoName": "local_config_platform",
      "executionPlatformsToRegister": [],
      "toolchainsToRegister": [],
      "extensionUsages": [],
      "deps": {
        "platforms": "platforms@0.0.7",
        "bazel_tools": "bazel_tools@_"
      }
    },
    "rules_cc@0.0.9": {
      "name": "rules_cc",
      "version": "0.0.9",
      "key": "rules_cc@0.0.9",
      "repoName": "rules_cc",
      "executionPlatformsToRegister": [],
      "toolchainsToRegister": [
        "@local_config_cc_toolchains//:all"
      ],
      "extensionUsages": [],
      "deps": {
        "platforms": "platforms@0.0.7",
        "bazel_tools": "bazel_tools@_",
        "local_config_platform": "local_config_platform@_"
      }
    },
    "rules_java@7.4.0": {
      "name": "rules_java",
      "version": "7.4.0",
      "key": "rules_java@7.4.0",
      "repoName": "rules_java",
      "executionPlatformsToRegister": [],
      "toolchainsToRegister": [
        "//toolchains:all",
        "@local_jdk//:runtime_toolchain_definition",
        "@local_jdk//:bootstrap_runtime_toolchain_definition",
        "@remotejdk21_linux_toolchain_config_repo//:all"
      ],
      "extensionUsages": [],
      "deps": {
        "platforms": "platforms@0.0.7",
        "rules_cc": "rules_cc@0.0.9",
        "bazel_skylib": "bazel_skylib@1.3.0",
        "rules_proto": "rules_proto@5.3.0-21.7",
        "rules_license": "rules_license@0.0.7",
        "bazel_tools": "bazel_tools@_",
        "local_config_platform": "local_config_platform@_"
      }
    },
    "rules_license@0.0.7": {
      "name": "rules_license",
      "version": "0.0.7",
      "key": "rules_license@0.0.7",
      "repoName": "rules_license",
      "executionPlatformsToRegister": [],
      "toolchainsToRegister": [],
      "extensionUsages": [],
      "deps": {
        "bazel_tools": "bazel_tools@_",
        "local_config_platform": "local_config_platform@_"
      }
    },
    "rules_proto@5.3.0-21.7": {
      "name": "rules_proto",
      "version": "5.3.0-21.7",
      "key": "rules_proto@5.3.0-21.7",
      "repoName": "rules_proto",
      "executionPlatformsToRegister": [],
      "toolchainsToRegister": [],
      "extensionUsages": [],
      "deps": {
        "bazel_skylib": "bazel_skylib@1.3.0",
        "com_google_protobuf": "protobuf@21.7",
        "rules_cc": "rules_cc@0.0.9",
        "bazel_tools": "bazel_tools@_",
        "local_config_platform": "local_config_platform@_"
      }
    },
    "rules_python@0.22.1": {
      "name": "rules_python",
      "version": "0.22.1",
      "key": "rules_python@0.22.1",
      "repoName": "rules_python",
      "executionPlatformsToRegister": [],
      "toolchainsToRegister": [
        "@bazel_tools//tools/python:autodetecting_toolchain"
      ],
      "extensionUsages": [],
      "deps": {
        "platforms": "platforms@0.0.7",
        "bazel_skylib": "bazel_skylib@1.3.0",
        "rules_proto": "rules_proto@5.3.0-21.7",
        "com_google_protobuf": "protobuf@21.7",
        "bazel_tools": "bazel_tools@_",
        "local_config_platform": "local_config_platform@_"
      }
    },
    "buildozer@6.4.0.2": {
      "name": "buildozer",
      "version": "6.4.0.2",
      "key": "buildozer@6.4.0.2",
      "repoName": "buildozer",
      "executionPlatformsToRegister": [],
      "toolchainsToRegister": [],
      "extensionUsages": [],
      "deps": {
        "bazel_tools": "bazel_tools@_",
        "local_config_platform": "local_config_platform@_"
      }
    },
    "platforms@0.0.7": {
      "name": "platforms",
      "version": "0.0.7",
      "key": "platforms@0.0.7",
      "repoName": "platforms",
      "executionPlatformsToRegister": [],
      "toolchainsToRegister": [],
      "extensionUsages": [],
      "deps": {
        "rules_license": "rules_license@0.0.7",
        "bazel_tools": "bazel_tools@_",
        "local_config_platform": "local_config_platform@_"
      }
    },
    "protobuf@21.7": {
      "name": "protobuf",
      "version": "21.7",
      "key": "protobuf@21.7",
      "repoName": "protobuf",
      "executionPlatformsToRegister": [],
      "toolchainsToRegister": [],
      "extensionUsages": [],
      "deps": {
        "bazel_skylib": "bazel_skylib@1.3.0",
        "rules_python": "rules_python@0.22.1",
        "rules_cc": "rules_cc@0.0.9",
        "rules_proto": "rules_proto@5.3.0-21.7",
        "rules_java": "rules_java@7.4.0",
        "rules_pkg": "rules_pkg@0.7.0",
        "com_google_abseil": "abseil-cpp@20211102.0",
        "zlib": "zlib@1.3",
        "upb": "upb@0.0.0-20220923-a547704",
        "rules_jvm_external": "rules_jvm_external@4.4.2",
        "com_google_googletest": "googletest@1.11.0",
        "bazel_tools": "bazel_tools@_",
        "local_config_platform": "local_config_platform@_"
      }
    },
    "zlib@1.3": {
      "name": "zlib",
      "version": "1.3",
      "key": "zlib@1.3",
      "repoName": "zlib",
      "executionPlatformsToRegister": [],
      "toolchainsToRegister": [],
      "extensionUsages": [],
      "deps": {
        "platforms": "platforms@0.0.7",
        "rules_cc": "rules_cc@0.0.9",
        "bazel_tools": "bazel_tools@_",
        "local_config_platform": "local_config_platform@_"
      }
    },
    "apple_support@1.5.0": {
      "name": "apple_support",
      "version": "1.5.0",
      "key": "apple_support@1.5.0",
      "repoName": "build_bazel_apple_support",
      "executionPlatformsToRegister": [],
      "toolchainsToRegister": [
        "@local_config_apple_cc_toolchains//:all"
      ],
      "extensionUsages": [],
      "deps": {
        "bazel_skylib": "bazel_skylib@1.3.0",
        "platforms": "platforms@0.0.7",
        "bazel_tools": "bazel_tools@_",
        "local_config_platform": "local_config_platform@_"
      }
    },
    "bazel_skylib@1.3.0": {
      "name": "bazel_skylib",
      "version": "1.3.0",
      "key": "bazel_skylib@1.3.0",
      "repoName": "bazel_skylib",
      "executionPlatformsToRegister": [],
      "toolchainsToRegister": [
        "//toolchains/unittest:cmd_toolchain",
        "//toolchains/unittest:bash_toolchain"
      ],
      "extensionUsages": [],
      "deps": {
        "platforms": "platforms@0.0.7",
        "bazel_tools": "bazel_tools@_",
        "local_config_platform": "local_config_platform@_"
      }
    },
    "rules_pkg@0.7.0": {
      "name": "rules_pkg",
      "version": "0.7.0",
      "key": "rules_pkg@0.7.0",
      "repoName": "rules_pkg",
      "executionPlatformsToRegister": [],
      "toolchainsToRegister": [],
      "extensionUsages": [],
      "deps": {
        "rules_python": "rules_python@0.22.1",
        "bazel_skylib": "bazel_skylib@1.3.0",
        "rules_license": "rules_license@0.0.7",
        "bazel_tools": "bazel_tools@_",
        "local_config_platform": "local_config_platform@_"
      }
    },
    "abseil-cpp@20211102.0": {
      "name": "abseil-cpp",
      "version": "20211102.0",
      "key": "abseil-cpp@20211102.0",
      "repoName": "abseil-cpp",
      "executionPlatformsToRegister": [],
      "toolchainsToRegister": [],
      "extensionUsages": [],
      "deps": {
        "rules_cc": "rules_cc@0.0.9",
        "platforms": "platforms@0.0.7",
        "bazel_tools": "bazel_tools@_",
        "local_config_platform": "local_config_platform@_"
      }
    },
    "upb@0.0.0-20220923-a547704": {
      "name": "upb",
      "version": "0.0.0-20220923-a547704",
      "key": "upb@0.0.0-20220923-a547704",
      "repoName": "upb",
      "executionPlatformsToRegister": [],
      "toolchainsToRegister": [],
      "extensionUsages": [],
      "deps": {
        "bazel_skylib": "bazel_skylib@1.3.0",
        "rules_proto": "rules_proto@5.3.0-21.7",
        "com_google_protobuf": "protobuf@21.7",
        "com_google_absl": "abseil-cpp@20211102.0",
        "platforms": "platforms@0.0.7",
        "bazel_tools": "bazel_tools@_",
        "local_config_platform": "local_config_platform@_"
      }
    },
    "rules_jvm_external@4.4.2": {
      "name": "rules_jvm_external",
      "version": "4.4.2",
      "key": "rules_jvm_external@4.4.2",
      "repoName": "rules_jvm_external",
      "executionPlatformsToRegister": [],
      "toolchainsToRegister": [],
      "extensionUsages": [],
      "deps": {
        "bazel_skylib": "bazel_skylib@1.3.0",
        "io_bazel_stardoc": "stardoc@0.5.1",
        "bazel_tools": "bazel_tools@_",
        "local_config_platform": "local_config_platform@_"
      }
    },
    "googletest@1.11.0": {
      "name": "googletest",
      "version": "1.11.0",
      "key": "googletest@1.11.0",
      "repoName": "googletest",
      "executionPlatformsToRegister": [],
      "toolchainsToRegister": [],
      "extensionUsages": [],
      "deps": {
        "com_google_absl": "abseil-cpp@20211102.0",
        "platforms": "platforms@0.0.7",
        "rules_cc": "rules_cc@0.0.9",
        "bazel_tools": "bazel_tools@_",
        "local_config_platform": "local_config_platform@_"
      }
    },
    "stardoc@0.5.1": {
      "name": "stardoc",
      "version": "0.5.1",
      "key": "stardoc@0.5.1",
      "repoName": "stardoc",
      "executionPlatformsToRegister": [],
      "toolchainsToRegister": [],
      "extensionUsages": [],
      "deps": {
        "bazel_skylib": "bazel_skylib@1.3.0",
        "rules_java": "rules_java@7.4.0",
        "bazel_tools": "bazel_tools@_",
        "local_config_platform": "local_config_platform@_"
      }
    }
  },
  "moduleExtensions": {}
}
